Microsoft Visual Studio Solution File, Format Version 12.00
# Visual Studio Version 17
VisualStudioVersion = 17.5.2.0
MinimumVisualStudioVersion = 10.0.40219.1
Project("{FAE04EC0-301F-11D3-BF4B-00C04F79EFBC}") = "CoolApp", "CoolApp.csproj", "{8F192997-0445-77F3-3849-E04D2D4AD523}"
EndProject
Global
	GlobalSection(SolutionConfigurationPlatforms) = preSolution
		Debug|Any CPU = Debug|Any CPU
		Release|Any CPU = Release|Any CPU
	EndGlobalSection
	GlobalSection(ProjectConfigurationPlatforms) = postSolution
		{8F192997-0445-77F3-3849-E04D2D4AD523}.Debug|Any CPU.ActiveCfg = Debug|Any CPU
		{8F192997-0445-77F3-3849-E04D2D4AD523}.Debug|Any CPU.Build.0 = Debug|Any CPU
		{8F192997-0445-77F3-3849-E04D2D4AD523}.Release|Any CPU.ActiveCfg = Release|Any CPU
		{8F192997-0445-77F3-3849-E04D2D4AD523}.Release|Any CPU.Build.0 = Release|Any CPU
	EndGlobalSection
	GlobalSection(SolutionProperties) = preSolution
		HideSolutionNode = FALSE
	EndGlobalSection
	GlobalSection(ExtensibilityGlobals) = postSolution
		SolutionGuid = {EA40756D-41FB-404D-8323-6F3741003A25}
	EndGlobalSection
EndGlobal
